{
  "requires": true,
  "lockfileVersion": 1,
  "dependencies": {
    "lightbox2": {
      "version": "2.11.0",
      "resolved": "https://registry.npmjs.org/lightbox2/-/lightbox2-2.11.0.tgz",
      "integrity": "sha512-ABzZ96qKu1KqzVAwrmkXwoW7GWOsR9vLTr7i9UIj36T01euVivDPrGuBl51ZK1UskmdqEkOYKqoYX6pqxBL6Zg=="
    }
  }
}
